// !$*UTF8*$!
{
	archiveVersion = 1;
	classes = {
	};
	objectVersion = 55;
	objects = {

/* Begin PBXBuildFile section */
		3BE6FA672742901600C519C7 /* AppDelegate.swift in Sources */ = {isa = PBXBuildFile; fileRef = 3BE6FA662742901600C519C7 /* AppDelegate.swift */; };
		3BE6FA692742901600C519C7 /* SceneDelegate.swift in Sources */ = {isa = PBXBuildFile; fileRef = 3BE6FA682742901600C519C7 /* SceneDelegate.swift */; };
		3BE6FA6B2742901600C519C7 /* TravelLocationViewController.swift in Sources */ = {isa = PBXBuildFile; fileRef = 3BE6FA6A2742901600C519C7 /* TravelLocationViewController.swift */; };
		3BE6FA6E2742901600C519C7 /* Main.storyboard in Resources */ = {isa = PBXBuildFile; fileRef = 3BE6FA6C2742901600C519C7 /* Main.storyboard */; };
		3BE6FA712742901600C519C7 /* VirtualTourist.xcdatamodeld in Sources */ = {isa = PBXBuildFile; fileRef = 3BE6FA6F2742901600C519C7 /* VirtualTourist.xcdatamodeld */; };
		3BE6FA732742901C00C519C7 /* Assets.xcassets in Resources */ = {isa = PBXBuildFile; fileRef = 3BE6FA722742901C00C519C7 /* Assets.xcassets */; };
		3BE6FA762742901C00C519C7 /* LaunchScreen.storyboard in Resources */ = {isa = PBXBuildFile; fileRef = 3BE6FA742742901C00C519C7 /* LaunchScreen.storyboard */; };
		3BE6FA822742971500C519C7 /* VRTClient.swift in Sources */ = {isa = PBXBuildFile; fileRef = 3BE6FA812742971500C519C7 /* VRTClient.swift */; };
		3BE6FA862743254100C519C7 /* VRTResponse.swift in Sources */ = {isa = PBXBuildFile; fileRef = 3BE6FA852743254100C519C7 /* VRTResponse.swift */; };
		3BE6FA882744A3D900C519C7 /* DataController.swift in Sources */ = {isa = PBXBuildFile; fileRef = 3BE6FA872744A3D900C519C7 /* DataController.swift */; };
		3BE6FA8A2744A9C500C519C7 /* ViewController+Extension.swift in Sources */ = {isa = PBXBuildFile; fileRef = 3BE6FA892744A9C500C519C7 /* ViewController+Extension.swift */; };
		3BE6FA8D2744B0F700C519C7 /* Pin+Extension.swift in Sources */ = {isa = PBXBuildFile; fileRef = 3BE6FA8C2744B0F700C519C7 /* Pin+Extension.swift */; };
		3BE6FA9027458E0000C519C7 /* PhotoResponse.swift in Sources */ = {isa = PBXBuildFile; fileRef = 3BE6FA8F27458E0000C519C7 /* PhotoResponse.swift */; };
		3BE6FA9227459E4E00C519C7 /* PhotoAlbumViewController.swift in Sources */ = {isa = PBXBuildFile; fileRef = 3BE6FA9127459E4E00C519C7 /* PhotoAlbumViewController.swift */; };
		3BE6FA952746CB4200C519C7 /* PhotoCollectionViewCell.swift in Sources */ = {isa = PBXBuildFile; fileRef = 3BE6FA932746CB4200C519C7 /* PhotoCollectionViewCell.swift */; };
		3BE6FA962746CB4200C519C7 /* PhotoCollectionViewCell.xib in Resources */ = {isa = PBXBuildFile; fileRef = 3BE6FA942746CB4200C519C7 /* PhotoCollectionViewCell.xib */; };
		3BE6FA99274748B000C519C7 /* Photo+Extension.swift in Sources */ = {isa = PBXBuildFile; fileRef = 3BE6FA98274748B000C519C7 /* Photo+Extension.swift */; };
/* End PBXBuildFile section */

/* Begin PBXFileReference section */
		3BE6FA632742901600C519C7 /* VirtualTourist.app */ = {isa = PBXFileReference; explicitFileType = wrapper.application; includeInIndex = 0; path = VirtualTourist.app; sourceTree = BUILT_PRODUCTS_DIR; };
		3BE6FA662742901600C519C7 /* AppDelegate.swift */ = {isa = PBXFileReference; lastKnownFileType = sourcecode.swift; path = AppDelegate.swift; sourceTree = "<group>"; };
		3BE6FA682742901600C519C7 /* SceneDelegate.swift */ = {isa = PBXFileReference; lastKnownFileType = sourcecode.swift; path = SceneDelegate.swift; sourceTree = "<group>"; };
		3BE6FA6A2742901600C519C7 /* TravelLocationViewController.swift */ = {isa = PBXFileReference; lastKnownFileType = sourcecode.swift; path = TravelLocationViewController.swift; sourceTree = "<group>"; };
		3BE6FA6D2742901600C519C7 /* Base */ = {isa = PBXFileReference; lastKnownFileType = file.storyboard; name = Base; path = Base.lproj/Main.storyboard; sourceTree = "<group>"; };
		3BE6FA702742901600C519C7 /* VirtualTourist.xcdatamodel */ = {isa = PBXFileReference; lastKnownFileType = wrapper.xcdatamodel; path = VirtualTourist.xcdatamodel; sourceTree = "<group>"; };
		3BE6FA722742901C00C519C7 /* Assets.xcassets */ = {isa = PBXFileReference; lastKnownFileType = folder.assetcatalog; path = Assets.xcassets; sourceTree = "<group>"; };
		3BE6FA752742901C00C519C7 /* Base */ = {isa = PBXFileReference; lastKnownFileType = file.storyboard; name = Base; path = Base.lproj/LaunchScreen.storyboard; sourceTree = "<group>"; };
		3BE6FA772742901C00C519C7 /* Info.plist */ = {isa = PBXFileReference; lastKnownFileType = text.plist.xml; path = Info.plist; sourceTree = "<group>"; };
		3BE6FA812742971500C519C7 /* VRTClient.swift */ = {isa = PBXFileReference; lastKnownFileType = sourcecode.swift; path = VRTClient.swift; sourceTree = "<group>"; };
		3BE6FA852743254100C519C7 /* VRTResponse.swift */ = {isa = PBXFileReference; lastKnownFileType = sourcecode.swift; path = VRTResponse.swift; sourceTree = "<group>"; };
		3BE6FA872744A3D900C519C7 /* DataController.swift */ = {isa = PBXFileReference; lastKnownFileType = sourcecode.swift; path = DataController.swift; sourceTree = "<group>"; };
		3BE6FA892744A9C500C519C7 /* ViewController+Extension.swift */ = {isa = PBXFileReference; lastKnownFileType = sourcecode.swift; path = "ViewController+Extension.swift"; sourceTree = "<group>"; };
		3BE6FA8C2744B0F700C519C7 /* Pin+Extension.swift */ = {isa = PBXFileReference; lastKnownFileType = sourcecode.swift; path = "Pin+Extension.swift"; sourceTree = "<group>"; };
		3BE6FA8F27458E0000C519C7 /* PhotoResponse.swift */ = {isa = PBXFileReference; lastKnownFileType = sourcecode.swift; path = PhotoResponse.swift; sourceTree = "<group>"; };
		3BE6FA9127459E4E00C519C7 /* PhotoAlbumViewController.swift */ = {isa = PBXFileReference; lastKnownFileType = sourcecode.swift; path = PhotoAlbumViewController.swift; sourceTree = "<group>"; };
		3BE6FA932746CB4200C519C7 /* PhotoCollectionViewCell.swift */ = {isa = PBXFileReference; lastKnownFileType = sourcecode.swift; path = PhotoCollectionViewCell.swift; sourceTree = "<group>"; };
		3BE6FA942746CB4200C519C7 /* PhotoCollectionViewCell.xib */ = {isa = PBXFileReference; lastKnownFileType = file.xib; path = PhotoCollectionViewCell.xib; sourceTree = "<group>"; };
		3BE6FA98274748B000C519C7 /* Photo+Extension.swift */ = {isa = PBXFileReference; lastKnownFileType = sourcecode.swift; path = "Photo+Extension.swift"; sourceTree = "<group>"; };
/* End PBXFileReference section */

/* Begin PBXFrameworksBuildPhase section */
		3BE6FA602742901600C519C7 /* Frameworks */ = {
			isa = PBXFrameworksBuildPhase;
			buildActionMask = 2147483647;
			files = (
			);
			runOnlyForDeploymentPostprocessing = 0;
		};
/* End PBXFrameworksBuildPhase section */

/* Begin PBXGroup section */
		3BE6FA5A2742901500C519C7 = {
			isa = PBXGroup;
			children = (
				3BE6FA652742901600C519C7 /* VirtualTourist */,
				3BE6FA642742901600C519C7 /* Products */,
			);
			sourceTree = "<group>";
		};
		3BE6FA642742901600C519C7 /* Products */ = {
			isa = PBXGroup;
			children = (
				3BE6FA632742901600C519C7 /* VirtualTourist.app */,
			);
			name = Products;
			sourceTree = "<group>";
		};
		3BE6FA652742901600C519C7 /* VirtualTourist */ = {
			isa = PBXGroup;
			children = (
				3BE6FA972746CB4A00C519C7 /* View */,
				3BE6FA7F274295B600C519C7 /* Storyboards */,
				3BE6FA7E274295AD00C519C7 /* Controllers */,
				3BE6FA7D274295A100C519C7 /* Model */,
				3BE6FA662742901600C519C7 /* AppDelegate.swift */,
				3BE6FA682742901600C519C7 /* SceneDelegate.swift */,
				3BE6FA722742901C00C519C7 /* Assets.xcassets */,
				3BE6FA772742901C00C519C7 /* Info.plist */,
				3BE6FA6F2742901600C519C7 /* VirtualTourist.xcdatamodeld */,
			);
			path = VirtualTourist;
			sourceTree = "<group>";
		};
		3BE6FA7D274295A100C519C7 /* Model */ = {
			isa = PBXGroup;
			children = (
				3BE6FA8B2744B0DD00C519C7 /* Managed Object Extensions */,
				3BE6FA80274296F700C519C7 /* VRTClient */,
				3BE6FA852743254100C519C7 /* VRTResponse.swift */,
				3BE6FA872744A3D900C519C7 /* DataController.swift */,
				3BE6FA8F27458E0000C519C7 /* PhotoResponse.swift */,
			);
			path = Model;
			sourceTree = "<group>";
		};
		3BE6FA7E274295AD00C519C7 /* Controllers */ = {
			isa = PBXGroup;
			children = (
				3BE6FA6A2742901600C519C7 /* TravelLocationViewController.swift */,
				3BE6FA9127459E4E00C519C7 /* PhotoAlbumViewController.swift */,
				3BE6FA892744A9C500C519C7 /* ViewController+Extension.swift */,
			);
			path = Controllers;
			sourceTree = "<group>";
		};
		3BE6FA7F274295B600C519C7 /* Storyboards */ = {
			isa = PBXGroup;
			children = (
				3BE6FA6C2742901600C519C7 /* Main.storyboard */,
				3BE6FA742742901C00C519C7 /* LaunchScreen.storyboard */,
			);
			path = Storyboards;
			sourceTree = "<group>";
		};
		3BE6FA80274296F700C519C7 /* VRTClient */ = {
			isa = PBXGroup;
			children = (
				3BE6FA812742971500C519C7 /* VRTClient.swift */,
			);
			path = VRTClient;
			sourceTree = "<group>";
		};
		3BE6FA8B2744B0DD00C519C7 /* Managed Object Extensions */ = {
			isa = PBXGroup;
			children = (
				3BE6FA8C2744B0F700C519C7 /* Pin+Extension.swift */,
				3BE6FA98274748B000C519C7 /* Photo+Extension.swift */,
			);
			path = "Managed Object Extensions";
			sourceTree = "<group>";
		};
		3BE6FA972746CB4A00C519C7 /* View */ = {
			isa = PBXGroup;
			children = (
				3BE6FA932746CB4200C519C7 /* PhotoCollectionViewCell.swift */,
				3BE6FA942746CB4200C519C7 /* PhotoCollectionViewCell.xib */,
			);
			path = View;
			sourceTree = "<group>";
		};
/* End PBXGroup section */

/* Begin PBXNativeTarget section */
		3BE6FA622742901600C519C7 /* VirtualTourist */ = {
			isa = PBXNativeTarget;
			buildConfigurationList = 3BE6FA7A2742901C00C519C7 /* Build configuration list for PBXNativeTarget "VirtualTourist" */;
			buildPhases = (
				3BE6FA5F2742901600C519C7 /* Sources */,
				3BE6FA602742901600C519C7 /* Frameworks */,
				3BE6FA612742901600C519C7 /* Resources */,
			);
			buildRules = (
			);
			dependencies = (
			);
			name = VirtualTourist;
			productName = VirtualTourist;
			productReference = 3BE6FA632742901600C519C7 /* VirtualTourist.app */;
			productType = "com.apple.product-type.application";
		};
/* End PBXNativeTarget section */

/* Begin PBXProject section */
		3BE6FA5B2742901500C519C7 /* Project object */ = {
			isa = PBXProject;
			attributes = {
				BuildIndependentTargetsInParallel = 1;
				LastSwiftUpdateCheck = 1300;
				LastUpgradeCheck = 1300;
				TargetAttributes = {
					3BE6FA622742901600C519C7 = {
						CreatedOnToolsVersion = 13.0;
					};
				};
			};
			buildConfigurationList = 3BE6FA5E2742901500C519C7 /* Build configuration list for PBXProject "VirtualTourist" */;
			compatibilityVersion = "Xcode 13.0";
			developmentRegion = en;
			hasScannedForEncodings = 0;
			knownRegions = (
				en,
				Base,
			);
			mainGroup = 3BE6FA5A2742901500C519C7;
			productRefGroup = 3BE6FA642742901600C519C7 /* Products */;
			projectDirPath = "";
			projectRoot = "";
			targets = (
				3BE6FA622742901600C519C7 /* VirtualTourist */,
			);
		};
/* End PBXProject section */

/* Begin PBXResourcesBuildPhase section */
		3BE6FA612742901600C519C7 /* Resources */ = {
			isa = PBXResourcesBuildPhase;
			buildActionMask = 2147483647;
			files = (
				3BE6FA762742901C00C519C7 /* LaunchScreen.storyboard in Resources */,
				3BE6FA962746CB4200C519C7 /* PhotoCollectionViewCell.xib in Resources */,
				3BE6FA732742901C00C519C7 /* Assets.xcassets in Resources */,
				3BE6FA6E2742901600C519C7 /* Main.storyboard in Resources */,
			);
			runOnlyForDeploymentPostprocessing = 0;
		};
/* End PBXResourcesBuildPhase section */

/* Begin PBXSourcesBuildPhase section */
		3BE6FA5F2742901600C519C7 /* Sources */ = {
			isa = PBXSourcesBuildPhase;
			buildActionMask = 2147483647;
			files = (
				3BE6FA9227459E4E00C519C7 /* PhotoAlbumViewController.swift in Sources */,
				3BE6FA952746CB4200C519C7 /* PhotoCollectionViewCell.swift in Sources */,
				3BE6FA862743254100C519C7 /* VRTResponse.swift in Sources */,
				3BE6FA712742901600C519C7 /* VirtualTourist.xcdatamodeld in Sources */,
				3BE6FA822742971500C519C7 /* VRTClient.swift in Sources */,
				3BE6FA6B2742901600C519C7 /* TravelLocationViewController.swift in Sources */,
				3BE6FA9027458E0000C519C7 /* PhotoResponse.swift in Sources */,
				3BE6FA99274748B000C519C7 /* Photo+Extension.swift in Sources */,
				3BE6FA8A2744A9C500C519C7 /* ViewController+Extension.swift in Sources */,
				3BE6FA882744A3D900C519C7 /* DataController.swift in Sources */,
				3BE6FA672742901600C519C7 /* AppDelegate.swift in Sources */,
				3BE6FA692742901600C519C7 /* SceneDelegate.swift in Sources */,
				3BE6FA8D2744B0F700C519C7 /* Pin+Extension.swift in Sources */,
			);
			runOnlyForDeploymentPostprocessing = 0;
		};
/* End PBXSourcesBuildPhase section */

/* Begin PBXVariantGroup section */
		3BE6FA6C2742901600C519C7 /* Main.storyboard */ = {
			isa = PBXVariantGroup;
			children = (
				3BE6FA6D2742901600C519C7 /* Base */,
			);
			name = Main.storyboard;
			sourceTree = "<group>";
		};
		3BE6FA742742901C00C519C7 /* LaunchScreen.storyboard */ = {
			isa = PBXVariantGroup;
			children = (
				3BE6FA752742901C00C519C7 /* Base */,
			);
			name = LaunchScreen.storyboard;
			sourceTree = "<group>";
		};
/* End PBXVariantGroup section */

/* Begin XCBuildConfiguration section */
		3BE6FA782742901C00C519C7 /* Debug */ = {
			isa = XCBuildConfiguration;
			buildSettings = {
				ALWAYS_SEARCH_USER_PATHS = NO;
				CLANG_ANALYZER_NONNULL = YES;
				CLANG_ANALYZER_NUMBER_OBJECT_CONVERSION = YES_AGGRESSIVE;
				CLANG_CXX_LANGUAGE_STANDARD = "gnu++17";
				CLANG_CXX_LIBRARY = "libc++";
				CLANG_ENABLE_MODULES = YES;
				CLANG_ENABLE_OBJC_ARC = YES;
				CLANG_ENABLE_OBJC_WEAK = YES;
				CLANG_WARN_BLOCK_CAPTURE_AUTORELEASING = YES;
				CLANG_WARN_BOOL_CONVERSION = YES;
				CLANG_WARN_COMMA = YES;
				CLANG_WARN_CONSTANT_CONVERSION = YES;
				CLANG_WARN_DEPRECATED_OBJC_IMPLEMENTATIONS = YES;
				CLANG_WARN_DIRECT_OBJC_ISA_USAGE = YES_ERROR;
				CLANG_WARN_DOCUMENTATION_COMMENTS = YES;
				CLANG_WARN_EMPTY_BODY = YES;
				CLANG_WARN_ENUM_CONVERSION = YES;
				CLANG_WARN_INFINITE_RECURSION = YES;
				CLANG_WARN_INT_CONVERSION = YES;
				CLANG_WARN_NON_LITERAL_NULL_CONVERSION = YES;
				CLANG_WARN_OBJC_IMPLICIT_RETAIN_SELF = YES;
				CLANG_WARN_OBJC_LITERAL_CONVERSION = YES;
				CLANG_WARN_OBJC_ROOT_CLASS = YES_ERROR;
				CLANG_WARN_QUOTED_INCLUDE_IN_FRAMEWORK_HEADER = YES;
				CLANG_WARN_RANGE_LOOP_ANALYSIS = YES;
				CLANG_WARN_STRICT_PROTOTYPES = YES;
				CLANG_WARN_SUSPICIOUS_MOVE = YES;
				CLANG_WARN_UNGUARDED_AVAILABILITY = YES_AGGRESSIVE;
				CLANG_WARN_UNREACHABLE_CODE = YES;
				CLANG_WARN__DUPLICATE_METHOD_MATCH = YES;
				COPY_PHASE_STRIP = NO;
				DEBUG_INFORMATION_FORMAT = dwarf;
				ENABLE_STRICT_OBJC_MSGSEND = YES;
				ENABLE_TESTABILITY = YES;
				GCC_C_LANGUAGE_STANDARD = gnu11;
				GCC_DYNAMIC_NO_PIC = NO;
				GCC_NO_COMMON_BLOCKS = YES;
				GCC_OPTIMIZATION_LEVEL = 0;
				GCC_PREPROCESSOR_DEFINITIONS = (
					"DEBUG=1",
					"$(inherited)",
				);
				GCC_WARN_64_TO_32_BIT_CONVERSION = YES;
				GCC_WARN_ABOUT_RETURN_TYPE = YES_ERROR;
				GCC_WARN_UNDECLARED_SELECTOR = YES;
				GCC_WARN_UNINITIALIZED_AUTOS = YES_AGGRESSIVE;
				GCC_WARN_UNUSED_FUNCTION = YES;
				GCC_WARN_UNUSED_VARIABLE = YES;
				IPHONEOS_DEPLOYMENT_TARGET = 15.0;
				MTL_ENABLE_DEBUG_INFO = INCLUDE_SOURCE;
				MTL_FAST_MATH = YES;
				ONLY_ACTIVE_ARCH = YES;
				SDKROOT = iphoneos;
				SWIFT_ACTIVE_COMPILATION_CONDITIONS = DEBUG;
				SWIFT_OPTIMIZATION_LEVEL = "-Onone";
			};
			name = Debug;
		};
		3BE6FA792742901C00C519C7 /* Release */ = {
			isa = XCBuildConfiguration;
			buildSettings = {
				ALWAYS_SEARCH_USER_PATHS = NO;
				CLANG_ANALYZER_NONNULL = YES;
				CLANG_ANALYZER_NUMBER_OBJECT_CONVERSION = YES_AGGRESSIVE;
				CLANG_CXX_LANGUAGE_STANDARD = "gnu++17";
				CLANG_CXX_LIBRARY = "libc++";
				CLANG_ENABLE_MODULES = YES;
				CLANG_ENABLE_OBJC_ARC = YES;
				CLANG_ENABLE_OBJC_WEAK = YES;
				CLANG_WARN_BLOCK_CAPTURE_AUTORELEASING = YES;
				CLANG_WARN_BOOL_CONVERSION = YES;
				CLANG_WARN_COMMA = YES;
				CLANG_WARN_CONSTANT_CONVERSION = YES;
				CLANG_WARN_DEPRECATED_OBJC_IMPLEMENTATIONS = YES;
				CLANG_WARN_DIRECT_OBJC_ISA_USAGE = YES_ERROR;
				CLANG_WARN_DOCUMENTATION_COMMENTS = YES;
				CLANG_WARN_EMPTY_BODY = YES;
				CLANG_WARN_ENUM_CONVERSION = YES;
				CLANG_WARN_INFINITE_RECURSION = YES;
				CLANG_WARN_INT_CONVERSION = YES;
				CLANG_WARN_NON_LITERAL_NULL_CONVERSION = YES;
				CLANG_WARN_OBJC_IMPLICIT_RETAIN_SELF = YES;
				CLANG_WARN_OBJC_LITERAL_CONVERSION = YES;
				CLANG_WARN_OBJC_ROOT_CLASS = YES_ERROR;
				CLANG_WARN_QUOTED_INCLUDE_IN_FRAMEWORK_HEADER = YES;
				CLANG_WARN_RANGE_LOOP_ANALYSIS = YES;
				CLANG_WARN_STRICT_PROTOTYPES = YES;
				CLANG_WARN_SUSPICIOUS_MOVE = YES;
				CLANG_WARN_UNGUARDED_AVAILABILITY = YES_AGGRESSIVE;
				CLANG_WARN_UNREACHABLE_CODE = YES;
				CLANG_WARN__DUPLICATE_METHOD_MATCH = YES;
				COPY_PHASE_STRIP = NO;
				DEBUG_INFORMATION_FORMAT = "dwarf-with-dsym";
				ENABLE_NS_ASSERTIONS = NO;
				ENABLE_STRICT_OBJC_MSGSEND = YES;
				GCC_C_LANGUAGE_STANDARD = gnu11;
				GCC_NO_COMMON_BLOCKS = YES;
				GCC_WARN_64_TO_32_BIT_CONVERSION = YES;
				GCC_WARN_ABOUT_RETURN_TYPE = YES_ERROR;
				GCC_WARN_UNDECLARED_SELECTOR = YES;
				GCC_WARN_UNINITIALIZED_AUTOS = YES_AGGRESSIVE;
				GCC_WARN_UNUSED_FUNCTION = YES;
				GCC_WARN_UNUSED_VARIABLE = YES;
				IPHONEOS_DEPLOYMENT_TARGET = 15.0;
				MTL_ENABLE_DEBUG_INFO = NO;
				MTL_FAST_MATH = YES;
				SDKROOT = iphoneos;
				SWIFT_COMPILATION_MODE = wholemodule;
				SWIFT_OPTIMIZATION_LEVEL = "-O";
				VALIDATE_PRODUCT = YES;
			};
			name = Release;
		};
		3BE6FA7B2742901C00C519C7 /* Debug */ = {
			isa = XCBuildConfiguration;
			buildSettings = {
				ASSETCATALOG_COMPILER_APPICON_NAME = AppIcon;
				ASSETCATALOG_COMPILER_GLOBAL_ACCENT_COLOR_NAME = AccentColor;
				CODE_SIGN_STYLE = Automatic;
				CURRENT_PROJECT_VERSION = 1;
				DEVELOPMENT_TEAM = 335K4KY56R;
				GENERATE_INFOPLIST_FILE = YES;
				INFOPLIST_FILE = VirtualTourist/Info.plist;
				INFOPLIST_KEY_UIApplicationSupportsIndirectInputEvents = YES;
				INFOPLIST_KEY_UILaunchStoryboardName = LaunchScreen;
				INFOPLIST_KEY_UIMainStoryboardFile = Main;
				INFOPLIST_KEY_UISupportedInterfaceOrientations_iPad = "UIInterfaceOrientationPortrait UIInterfaceOrientationPortraitUpsideDown UIInterfaceOrientationLandscapeLeft UIInterfaceOrientationLandscapeRight";
				INFOPLIST_KEY_UISupportedInterfaceOrientations_iPhone = "UIInterfaceOrientationPortrait UIInterfaceOrientationLandscapeLeft UIInterfaceOrientationLandscapeRight";
				LD_RUNPATH_SEARCH_PATHS = (
					"$(inherited)",
					"@executable_path/Frameworks",
				);
				MARKETING_VERSION = 1.0;
				PRODUCT_BUNDLE_IDENTIFIER = com.lrosasarce.VirtualTourist;
				PRODUCT_NAME = "$(TARGET_NAME)";
				SWIFT_EMIT_LOC_STRINGS = YES;
				SWIFT_VERSION = 5.0;
				TARGETED_DEVICE_FAMILY = "1,2";
			};
			name = Debug;
		};
		3BE6FA7C2742901C00C519C7 /* Release */ = {
			isa = XCBuildConfiguration;
			buildSettings = {
				ASSETCATALOG_COMPILER_APPICON_NAME = AppIcon;
				ASSETCATALOG_COMPILER_GLOBAL_ACCENT_COLOR_NAME = AccentColor;
				CODE_SIGN_STYLE = Automatic;
				CURRENT_PROJECT_VERSION = 1;
				DEVELOPMENT_TEAM = 335K4KY56R;
				GENERATE_INFOPLIST_FILE = YES;
				INFOPLIST_FILE = VirtualTourist/Info.plist;
				INFOPLIST_KEY_UIApplicationSupportsIndirectInputEvents = YES;
				INFOPLIST_KEY_UILaunchStoryboardName = LaunchScreen;
				INFOPLIST_KEY_UIMainStoryboardFile = Main;
				INFOPLIST_KEY_UISupportedInterfaceOrientations_iPad = "UIInterfaceOrientationPortrait UIInterfaceOrientationPortraitUpsideDown UIInterfaceOrientationLandscapeLeft UIInterfaceOrientationLandscapeRight";
				INFOPLIST_KEY_UISupportedInterfaceOrientations_iPhone = "UIInterfaceOrientationPortrait UIInterfaceOrientationLandscapeLeft UIInterfaceOrientationLandscapeRight";
				LD_RUNPATH_SEARCH_PATHS = (
					"$(inherited)",
					"@executable_path/Frameworks",
				);
				MARKETING_VERSION = 1.0;
				PRODUCT_BUNDLE_IDENTIFIER = com.lrosasarce.VirtualTourist;
				PRODUCT_NAME = "$(TARGET_NAME)";
				SWIFT_EMIT_LOC_STRINGS = YES;
				SWIFT_VERSION = 5.0;
				TARGETED_DEVICE_FAMILY = "1,2";
			};
			name = Release;
		};
/* End XCBuildConfiguration section */

/* Begin XCConfigurationList section */
		3BE6FA5E2742901500C519C7 /* Build configuration list for PBXProject "VirtualTourist" */ = {
			isa = XCConfigurationList;
			buildConfigurations = (
				3BE6FA782742901C00C519C7 /* Debug */,
				3BE6FA792742901C00C519C7 /* Release */,
			);
			defaultConfigurationIsVisible = 0;
			defaultConfigurationName = Release;
		};
		3BE6FA7A2742901C00C519C7 /* Build configuration list for PBXNativeTarget "VirtualTourist" */ = {
			isa = XCConfigurationList;
			buildConfigurations = (
				3BE6FA7B2742901C00C519C7 /* Debug */,
				3BE6FA7C2742901C00C519C7 /* Release */,
			);
			defaultConfigurationIsVisible = 0;
			defaultConfigurationName = Release;
		};
/* End XCConfigurationList section */

/* Begin XCVersionGroup section */
		3BE6FA6F2742901600C519C7 /* VirtualTourist.xcdatamodeld */ = {
			isa = XCVersionGroup;
			children = (
				3BE6FA702742901600C519C7 /* VirtualTourist.xcdatamodel */,
			);
			currentVersion = 3BE6FA702742901600C519C7 /* VirtualTourist.xcdatamodel */;
			path = VirtualTourist.xcdatamodeld;
			sourceTree = "<group>";
			versionGroupType = wrapper.xcdatamodel;
		};
/* End XCVersionGroup section */
	};
	rootObject = 3BE6FA5B2742901500C519C7 /* Project object */;
}
